
Microsoft Visual Studio Solution File, Format Version 12.00
# Visual Studio 2012
Project("{FAE04EC0-301F-11D3-BF4B-00C04F79EFBC}") = "CapaPresentacion1", "CapaPresentacion1\CapaPresentacion1.csproj", "{F9ACB0E0-07C6-49B0-9116-2BD451A65CBA}"
EndProject
Project("{FAE04EC0-301F-11D3-BF4B-00C04F79EFBC}") = "CapaPersistencia", "CapaPersistencia\CapaPersistencia.csproj", "{D5E119E0-4737-4A54-936F-67216B3245D4}"
EndProject
Project("{FAE04EC0-301F-11D3-BF4B-00C04F79EFBC}") = "CapaNegocio", "CapaNegocio\CapaNegocio.csproj", "{71FED84D-5571-4914-B13E-08967C4775F8}"
EndProject
Global
	GlobalSection(SolutionConfigurationPlatforms) = preSolution
		Debug|Any CPU = Debug|Any CPU
		Release|Any CPU = Release|Any CPU
	EndGlobalSection
	GlobalSection(ProjectConfigurationPlatforms) = postSolution
		{F9ACB0E0-07C6-49B0-9116-2BD451A65CBA}.Debug|Any CPU.ActiveCfg = Debug|Any CPU
		{F9ACB0E0-07C6-49B0-9116-2BD451A65CBA}.Debug|Any CPU.Build.0 = Debug|Any CPU
		{F9ACB0E0-07C6-49B0-9116-2BD451A65CBA}.Release|Any CPU.ActiveCfg = Release|Any CPU
		{F9ACB0E0-07C6-49B0-9116-2BD451A65CBA}.Release|Any CPU.Build.0 = Release|Any CPU
		{D5E119E0-4737-4A54-936F-67216B3245D4}.Debug|Any CPU.ActiveCfg = Debug|Any CPU
		{D5E119E0-4737-4A54-936F-67216B3245D4}.Debug|Any CPU.Build.0 = Debug|Any CPU
		{D5E119E0-4737-4A54-936F-67216B3245D4}.Release|Any CPU.ActiveCfg = Release|Any CPU
		{D5E119E0-4737-4A54-936F-67216B3245D4}.Release|Any CPU.Build.0 = Release|Any CPU
		{71FED84D-5571-4914-B13E-08967C4775F8}.Debug|Any CPU.ActiveCfg = Debug|Any CPU
		{71FED84D-5571-4914-B13E-08967C4775F8}.Debug|Any CPU.Build.0 = Debug|Any CPU
		{71FED84D-5571-4914-B13E-08967C4775F8}.Release|Any CPU.ActiveCfg = Release|Any CPU
		{71FED84D-5571-4914-B13E-08967C4775F8}.Release|Any CPU.Build.0 = Release|Any CPU
	EndGlobalSection
	GlobalSection(SolutionProperties) = preSolution
		HideSolutionNode = FALSE
	EndGlobalSection
EndGlobal
